
Microsoft Visual Studio Solution File, Format Version 12.00
# Visual Studio Version 17
VisualStudioVersion = 17.5.33502.453
MinimumVisualStudioVersion = 10.0.40219.1
Project("{FAE04EC0-301F-11D3-BF4B-00C04F79EFBC}") = "Tilmeldingssystemet", "Tilmeldingssystemet.csproj", "{77314347-8890-4C58-A05B-A116E28E71DC}"
EndProject
Global
	GlobalSection(SolutionConfigurationPlatforms) = preSolution
		Debug|Any CPU = Debug|Any CPU
		Release|Any CPU = Release|Any CPU
	EndGlobalSection
	GlobalSection(ProjectConfigurationPlatforms) = postSolution
		{77314347-8890-4C58-A05B-A116E28E71DC}.Debug|Any CPU.ActiveCfg = Debug|Any CPU
		{77314347-8890-4C58-A05B-A116E28E71DC}.Debug|Any CPU.Build.0 = Debug|Any CPU
		{77314347-8890-4C58-A05B-A116E28E71DC}.Release|Any CPU.ActiveCfg = Release|Any CPU
		{77314347-8890-4C58-A05B-A116E28E71DC}.Release|Any CPU.Build.0 = Release|Any CPU
	EndGlobalSection
	GlobalSection(SolutionProperties) = preSolution
		HideSolutionNode = FALSE
	EndGlobalSection
	GlobalSection(ExtensibilityGlobals) = postSolution
		SolutionGuid = {7977E081-292F-462F-B28A-02943C6797D8}
	EndGlobalSection
EndGlobal
